// !$*UTF8*$!
{
	archiveVersion = 1;
	classes = {
	};
	objectVersion = 56;
	objects = {

/* Begin PBXBuildFile section */
		CE0379162C1C20E400D72498 /* OnbordingViewController.swift in Sources */ = {isa = PBXBuildFile; fileRef = CE0379152C1C20E400D72498 /* OnbordingViewController.swift */; };
		CE0379182C1C215200D72498 /* Resource.swift in Sources */ = {isa = PBXBuildFile; fileRef = CE0379172C1C215200D72498 /* Resource.swift */; };
		CE03791B2C1C247300D72498 /* NextButton.swift in Sources */ = {isa = PBXBuildFile; fileRef = CE03791A2C1C247300D72498 /* NextButton.swift */; };
		CE03791E2C1C2CBD00D72498 /* SnapKit in Frameworks */ = {isa = PBXBuildFile; productRef = CE03791D2C1C2CBD00D72498 /* SnapKit */; };
		CE0379202C1C39E000D72498 /* TabBarController.swift in Sources */ = {isa = PBXBuildFile; fileRef = CE03791F2C1C39E000D72498 /* TabBarController.swift */; };
		CE0379222C1C3AA100D72498 /* SearchViewController.swift in Sources */ = {isa = PBXBuildFile; fileRef = CE0379212C1C3AA100D72498 /* SearchViewController.swift */; };
		CE0379252C1C3BDB00D72498 /* ImageView.swift in Sources */ = {isa = PBXBuildFile; fileRef = CE0379242C1C3BDB00D72498 /* ImageView.swift */; };
		CE0379272C1C3F4B00D72498 /* SettingViewController.swift in Sources */ = {isa = PBXBuildFile; fileRef = CE0379262C1C3F4B00D72498 /* SettingViewController.swift */; };
		CE03792B2C1C508800D72498 /* OnbordingView.swift in Sources */ = {isa = PBXBuildFile; fileRef = CE03792A2C1C508800D72498 /* OnbordingView.swift */; };
		CE03792F2C1C730500D72498 /* SettingProfileViewController.swift in Sources */ = {isa = PBXBuildFile; fileRef = CE03792E2C1C730500D72498 /* SettingProfileViewController.swift */; };
		CE0379362C1C779100D72498 /* SettingProfileView.swift in Sources */ = {isa = PBXBuildFile; fileRef = CE0379352C1C779100D72498 /* SettingProfileView.swift */; };
		CE0379382C1C7A4600D72498 /* Profile.swift in Sources */ = {isa = PBXBuildFile; fileRef = CE0379372C1C7A4600D72498 /* Profile.swift */; };
		CE03793A2C1C842600D72498 /* SettingPictureViewController.swift in Sources */ = {isa = PBXBuildFile; fileRef = CE0379392C1C842500D72498 /* SettingPictureViewController.swift */; };
		CE03793E2C1E2A2900D72498 /* UIViewController+.swift in Sources */ = {isa = PBXBuildFile; fileRef = CE03793D2C1E2A2900D72498 /* UIViewController+.swift */; };
		CE0379402C1E50E500D72498 /* AvatarPickerView.swift in Sources */ = {isa = PBXBuildFile; fileRef = CE03793F2C1E50E500D72498 /* AvatarPickerView.swift */; };
		CE0379422C1E609E00D72498 /* AvatarCollectionViewCell.swift in Sources */ = {isa = PBXBuildFile; fileRef = CE0379412C1E609E00D72498 /* AvatarCollectionViewCell.swift */; };
		CE0379442C1E63DA00D72498 /* ldentifierProtocol.swift in Sources */ = {isa = PBXBuildFile; fileRef = CE0379432C1E63DA00D72498 /* ldentifierProtocol.swift */; };
		CE03796D2C1FF83C00D72498 /* EditProfileViewController.swift in Sources */ = {isa = PBXBuildFile; fileRef = CE03796C2C1FF83C00D72498 /* EditProfileViewController.swift */; };
		CE03796F2C1FF8CE00D72498 /* EditPictureViewController.swift in Sources */ = {isa = PBXBuildFile; fileRef = CE03796E2C1FF8CE00D72498 /* EditPictureViewController.swift */; };
		CE0379722C20088300D72498 /* EditProfileView.swift in Sources */ = {isa = PBXBuildFile; fileRef = CE0379712C20088300D72498 /* EditProfileView.swift */; };
		CE0379742C20116700D72498 /* UIView+.swift in Sources */ = {isa = PBXBuildFile; fileRef = CE0379732C20116700D72498 /* UIView+.swift */; };
		CE7F837A2C212702000E3C02 /* Alamofire in Frameworks */ = {isa = PBXBuildFile; productRef = CE7F83792C212702000E3C02 /* Alamofire */; };
		CE7F837D2C21A7F6000E3C02 /* IQKeyboardManagerSwift in Frameworks */ = {isa = PBXBuildFile; productRef = CE7F837C2C21A7F6000E3C02 /* IQKeyboardManagerSwift */; };
		CE8CEEC72C2614C4001BE6BA /* SearchResultViewController.swift in Sources */ = {isa = PBXBuildFile; fileRef = CE8CEEC62C2614C4001BE6BA /* SearchResultViewController.swift */; };
		CE8CEECA2C264FF2001BE6BA /* SearchWordTableViewCell.swift in Sources */ = {isa = PBXBuildFile; fileRef = CE8CEEC92C264FF2001BE6BA /* SearchWordTableViewCell.swift */; };
		CE8CEECC2C2793F6001BE6BA /* SearchResultCollectionViewCell.swift in Sources */ = {isa = PBXBuildFile; fileRef = CE8CEECB2C2793F6001BE6BA /* SearchResultCollectionViewCell.swift */; };
		CE8CEECF2C27A461001BE6BA /* Kingfisher in Frameworks */ = {isa = PBXBuildFile; productRef = CE8CEECE2C27A461001BE6BA /* Kingfisher */; };
		CE8CEED12C27C232001BE6BA /* SearchResultView.swift in Sources */ = {isa = PBXBuildFile; fileRef = CE8CEED02C27C232001BE6BA /* SearchResultView.swift */; };
		CE8CEED32C27DF1C001BE6BA /* ProductDTO.swift in Sources */ = {isa = PBXBuildFile; fileRef = CE8CEED22C27DF1C001BE6BA /* ProductDTO.swift */; };
		CE8CEED52C2863DF001BE6BA /* Method.swift in Sources */ = {isa = PBXBuildFile; fileRef = CE8CEED42C2863DF001BE6BA /* Method.swift */; };
		CE993C772C1B236E0024DAEE /* AppDelegate.swift in Sources */ = {isa = PBXBuildFile; fileRef = CE993C762C1B236E0024DAEE /* AppDelegate.swift */; };
		CE993C792C1B236E0024DAEE /* SceneDelegate.swift in Sources */ = {isa = PBXBuildFile; fileRef = CE993C782C1B236E0024DAEE /* SceneDelegate.swift */; };
		CE993C802C1B23700024DAEE /* Assets.xcassets in Resources */ = {isa = PBXBuildFile; fileRef = CE993C7F2C1B23700024DAEE /* Assets.xcassets */; };
		CE993C832C1B23700024DAEE /* Base in Resources */ = {isa = PBXBuildFile; fileRef = CE993C822C1B23700024DAEE /* Base */; };
		CE993C8B2C1B2AB60024DAEE /* APIKey.swift in Sources */ = {isa = PBXBuildFile; fileRef = CE993C8A2C1B2AB60024DAEE /* APIKey.swift */; };
/* End PBXBuildFile section */

/* Begin PBXFileReference section */
		CE0379152C1C20E400D72498 /* OnbordingViewController.swift */ = {isa = PBXFileReference; lastKnownFileType = sourcecode.swift; path = OnbordingViewController.swift; sourceTree = "<group>"; };
		CE0379172C1C215200D72498 /* Resource.swift */ = {isa = PBXFileReference; lastKnownFileType = sourcecode.swift; path = Resource.swift; sourceTree = "<group>"; };
		CE03791A2C1C247300D72498 /* NextButton.swift */ = {isa = PBXFileReference; lastKnownFileType = sourcecode.swift; path = NextButton.swift; sourceTree = "<group>"; };
		CE03791F2C1C39E000D72498 /* TabBarController.swift */ = {isa = PBXFileReference; lastKnownFileType = sourcecode.swift; path = TabBarController.swift; sourceTree = "<group>"; };
		CE0379212C1C3AA100D72498 /* SearchViewController.swift */ = {isa = PBXFileReference; lastKnownFileType = sourcecode.swift; path = SearchViewController.swift; sourceTree = "<group>"; };
		CE0379242C1C3BDB00D72498 /* ImageView.swift */ = {isa = PBXFileReference; lastKnownFileType = sourcecode.swift; path = ImageView.swift; sourceTree = "<group>"; };
		CE0379262C1C3F4B00D72498 /* SettingViewController.swift */ = {isa = PBXFileReference; lastKnownFileType = sourcecode.swift; path = SettingViewController.swift; sourceTree = "<group>"; };
		CE03792A2C1C508800D72498 /* OnbordingView.swift */ = {isa = PBXFileReference; lastKnownFileType = sourcecode.swift; path = OnbordingView.swift; sourceTree = "<group>"; };
		CE03792E2C1C730500D72498 /* SettingProfileViewController.swift */ = {isa = PBXFileReference; lastKnownFileType = sourcecode.swift; path = SettingProfileViewController.swift; sourceTree = "<group>"; };
		CE0379352C1C779100D72498 /* SettingProfileView.swift */ = {isa = PBXFileReference; lastKnownFileType = sourcecode.swift; path = SettingProfileView.swift; sourceTree = "<group>"; };
		CE0379372C1C7A4600D72498 /* Profile.swift */ = {isa = PBXFileReference; lastKnownFileType = sourcecode.swift; path = Profile.swift; sourceTree = "<group>"; };
		CE0379392C1C842500D72498 /* SettingPictureViewController.swift */ = {isa = PBXFileReference; lastKnownFileType = sourcecode.swift; path = SettingPictureViewController.swift; sourceTree = "<group>"; };
		CE03793D2C1E2A2900D72498 /* UIViewController+.swift */ = {isa = PBXFileReference; lastKnownFileType = sourcecode.swift; path = "UIViewController+.swift"; sourceTree = "<group>"; };
		CE03793F2C1E50E500D72498 /* AvatarPickerView.swift */ = {isa = PBXFileReference; lastKnownFileType = sourcecode.swift; path = AvatarPickerView.swift; sourceTree = "<group>"; };
		CE0379412C1E609E00D72498 /* AvatarCollectionViewCell.swift */ = {isa = PBXFileReference; lastKnownFileType = sourcecode.swift; path = AvatarCollectionViewCell.swift; sourceTree = "<group>"; };
		CE0379432C1E63DA00D72498 /* ldentifierProtocol.swift */ = {isa = PBXFileReference; lastKnownFileType = sourcecode.swift; path = ldentifierProtocol.swift; sourceTree = "<group>"; };
		CE03796C2C1FF83C00D72498 /* EditProfileViewController.swift */ = {isa = PBXFileReference; lastKnownFileType = sourcecode.swift; path = EditProfileViewController.swift; sourceTree = "<group>"; };
		CE03796E2C1FF8CE00D72498 /* EditPictureViewController.swift */ = {isa = PBXFileReference; lastKnownFileType = sourcecode.swift; path = EditPictureViewController.swift; sourceTree = "<group>"; };
		CE0379712C20088300D72498 /* EditProfileView.swift */ = {isa = PBXFileReference; lastKnownFileType = sourcecode.swift; path = EditProfileView.swift; sourceTree = "<group>"; };
		CE0379732C20116700D72498 /* UIView+.swift */ = {isa = PBXFileReference; lastKnownFileType = sourcecode.swift; path = "UIView+.swift"; sourceTree = "<group>"; };
		CE8CEEC62C2614C4001BE6BA /* SearchResultViewController.swift */ = {isa = PBXFileReference; lastKnownFileType = sourcecode.swift; path = SearchResultViewController.swift; sourceTree = "<group>"; };
		CE8CEEC92C264FF2001BE6BA /* SearchWordTableViewCell.swift */ = {isa = PBXFileReference; lastKnownFileType = sourcecode.swift; path = SearchWordTableViewCell.swift; sourceTree = "<group>"; };
		CE8CEECB2C2793F6001BE6BA /* SearchResultCollectionViewCell.swift */ = {isa = PBXFileReference; lastKnownFileType = sourcecode.swift; path = SearchResultCollectionViewCell.swift; sourceTree = "<group>"; };
		CE8CEED02C27C232001BE6BA /* SearchResultView.swift */ = {isa = PBXFileReference; lastKnownFileType = sourcecode.swift; path = SearchResultView.swift; sourceTree = "<group>"; };
		CE8CEED22C27DF1C001BE6BA /* ProductDTO.swift */ = {isa = PBXFileReference; lastKnownFileType = sourcecode.swift; path = ProductDTO.swift; sourceTree = "<group>"; };
		CE8CEED42C2863DF001BE6BA /* Method.swift */ = {isa = PBXFileReference; lastKnownFileType = sourcecode.swift; path = Method.swift; sourceTree = "<group>"; };
		CE993C732C1B236E0024DAEE /* MeaningOut.app */ = {isa = PBXFileReference; explicitFileType = wrapper.application; includeInIndex = 0; path = MeaningOut.app; sourceTree = BUILT_PRODUCTS_DIR; };
		CE993C762C1B236E0024DAEE /* AppDelegate.swift */ = {isa = PBXFileReference; lastKnownFileType = sourcecode.swift; path = AppDelegate.swift; sourceTree = "<group>"; };
		CE993C782C1B236E0024DAEE /* SceneDelegate.swift */ = {isa = PBXFileReference; lastKnownFileType = sourcecode.swift; path = SceneDelegate.swift; sourceTree = "<group>"; };
		CE993C7F2C1B23700024DAEE /* Assets.xcassets */ = {isa = PBXFileReference; lastKnownFileType = folder.assetcatalog; path = Assets.xcassets; sourceTree = "<group>"; };
		CE993C822C1B23700024DAEE /* Base */ = {isa = PBXFileReference; lastKnownFileType = file.storyboard; name = Base; path = Base.lproj/LaunchScreen.storyboard; sourceTree = "<group>"; };
		CE993C842C1B23700024DAEE /* Info.plist */ = {isa = PBXFileReference; lastKnownFileType = text.plist.xml; path = Info.plist; sourceTree = "<group>"; };
		CE993C8A2C1B2AB60024DAEE /* APIKey.swift */ = {isa = PBXFileReference; lastKnownFileType = sourcecode.swift; path = APIKey.swift; sourceTree = "<group>"; };
/* End PBXFileReference section */

/* Begin PBXFrameworksBuildPhase section */
		CE993C702C1B236E0024DAEE /* Frameworks */ = {
			isa = PBXFrameworksBuildPhase;
			buildActionMask = 2147483647;
			files = (
				CE8CEECF2C27A461001BE6BA /* Kingfisher in Frameworks */,
				CE03791E2C1C2CBD00D72498 /* SnapKit in Frameworks */,
				CE7F837A2C212702000E3C02 /* Alamofire in Frameworks */,
				CE7F837D2C21A7F6000E3C02 /* IQKeyboardManagerSwift in Frameworks */,
			);
			runOnlyForDeploymentPostprocessing = 0;
		};
/* End PBXFrameworksBuildPhase section */

/* Begin PBXGroup section */
		CE0379192C1C23A000D72498 /* Custom */ = {
			isa = PBXGroup;
			children = (
				CE0379172C1C215200D72498 /* Resource.swift */,
				CE0379242C1C3BDB00D72498 /* ImageView.swift */,
				CE03791A2C1C247300D72498 /* NextButton.swift */,
				CE0379372C1C7A4600D72498 /* Profile.swift */,
				CE8CEED42C2863DF001BE6BA /* Method.swift */,
			);
			path = Custom;
			sourceTree = "<group>";
		};
		CE0379232C1C3AB200D72498 /* App */ = {
			isa = PBXGroup;
			children = (
				CE993C762C1B236E0024DAEE /* AppDelegate.swift */,
				CE993C782C1B236E0024DAEE /* SceneDelegate.swift */,
			);
			path = App;
			sourceTree = "<group>";
		};
		CE0379282C1C4D2300D72498 /* Controller */ = {
			isa = PBXGroup;
			children = (
				CE03791F2C1C39E000D72498 /* TabBarController.swift */,
				CE0379302C1C751600D72498 /* Create */,
				CE0379322C1C75B700D72498 /* Search */,
				CE0379332C1C75D600D72498 /* Setting */,
			);
			path = Controller;
			sourceTree = "<group>";
		};
		CE0379292C1C4D4900D72498 /* View */ = {
			isa = PBXGroup;
			children = (
				CE0379412C1E609E00D72498 /* AvatarCollectionViewCell.swift */,
				CE03793F2C1E50E500D72498 /* AvatarPickerView.swift */,
				CE0379342C1C760A00D72498 /* Create */,
				CE8CEEC82C264FB0001BE6BA /* Search */,
				CE0379702C20081800D72498 /* Setting */,
			);
			path = View;
			sourceTree = "<group>";
		};
		CE0379302C1C751600D72498 /* Create */ = {
			isa = PBXGroup;
			children = (
				CE0379152C1C20E400D72498 /* OnbordingViewController.swift */,
				CE03792E2C1C730500D72498 /* SettingProfileViewController.swift */,
				CE0379392C1C842500D72498 /* SettingPictureViewController.swift */,
			);
			path = Create;
			sourceTree = "<group>";
		};
		CE0379322C1C75B700D72498 /* Search */ = {
			isa = PBXGroup;
			children = (
				CE0379212C1C3AA100D72498 /* SearchViewController.swift */,
				CE8CEEC62C2614C4001BE6BA /* SearchResultViewController.swift */,
			);
			path = Search;
			sourceTree = "<group>";
		};
		CE0379332C1C75D600D72498 /* Setting */ = {
			isa = PBXGroup;
			children = (
				CE0379262C1C3F4B00D72498 /* SettingViewController.swift */,
				CE03796C2C1FF83C00D72498 /* EditProfileViewController.swift */,
				CE03796E2C1FF8CE00D72498 /* EditPictureViewController.swift */,
			);
			path = Setting;
			sourceTree = "<group>";
		};
		CE0379342C1C760A00D72498 /* Create */ = {
			isa = PBXGroup;
			children = (
				CE03792A2C1C508800D72498 /* OnbordingView.swift */,
				CE0379352C1C779100D72498 /* SettingProfileView.swift */,
			);
			path = Create;
			sourceTree = "<group>";
		};
		CE0379702C20081800D72498 /* Setting */ = {
			isa = PBXGroup;
			children = (
				CE0379712C20088300D72498 /* EditProfileView.swift */,
			);
			path = Setting;
			sourceTree = "<group>";
		};
		CE8CEEC82C264FB0001BE6BA /* Search */ = {
			isa = PBXGroup;
			children = (
				CE8CEEC92C264FF2001BE6BA /* SearchWordTableViewCell.swift */,
				CE8CEECB2C2793F6001BE6BA /* SearchResultCollectionViewCell.swift */,
				CE8CEED02C27C232001BE6BA /* SearchResultView.swift */,
			);
			path = Search;
			sourceTree = "<group>";
		};
		CE993C6A2C1B236E0024DAEE = {
			isa = PBXGroup;
			children = (
				CE993C752C1B236E0024DAEE /* MeaningOut */,
				CE993C742C1B236E0024DAEE /* Products */,
			);
			sourceTree = "<group>";
		};
		CE993C742C1B236E0024DAEE /* Products */ = {
			isa = PBXGroup;
			children = (
				CE993C732C1B236E0024DAEE /* MeaningOut.app */,
			);
			name = Products;
			sourceTree = "<group>";
		};
		CE993C752C1B236E0024DAEE /* MeaningOut */ = {
			isa = PBXGroup;
			children = (
				CE993C8A2C1B2AB60024DAEE /* APIKey.swift */,
				CE8CEED22C27DF1C001BE6BA /* ProductDTO.swift */,
				CE0379732C20116700D72498 /* UIView+.swift */,
				CE03793D2C1E2A2900D72498 /* UIViewController+.swift */,
				CE0379432C1E63DA00D72498 /* ldentifierProtocol.swift */,
				CE0379232C1C3AB200D72498 /* App */,
				CE0379192C1C23A000D72498 /* Custom */,
				CE0379292C1C4D4900D72498 /* View */,
				CE0379282C1C4D2300D72498 /* Controller */,
				CE993C7F2C1B23700024DAEE /* Assets.xcassets */,
				CE993C812C1B23700024DAEE /* LaunchScreen.storyboard */,
				CE993C842C1B23700024DAEE /* Info.plist */,
			);
			path = MeaningOut;
			sourceTree = "<group>";
		};
/* End PBXGroup section */

/* Begin PBXNativeTarget section */
		CE993C722C1B236E0024DAEE /* MeaningOut */ = {
			isa = PBXNativeTarget;
			buildConfigurationList = CE993C872C1B23700024DAEE /* Build configuration list for PBXNativeTarget "MeaningOut" */;
			buildPhases = (
				CE993C6F2C1B236E0024DAEE /* Sources */,
				CE993C702C1B236E0024DAEE /* Frameworks */,
				CE993C712C1B236E0024DAEE /* Resources */,
			);
			buildRules = (
			);
			dependencies = (
			);
			name = MeaningOut;
			packageProductDependencies = (
				CE03791D2C1C2CBD00D72498 /* SnapKit */,
				CE7F83792C212702000E3C02 /* Alamofire */,
				CE7F837C2C21A7F6000E3C02 /* IQKeyboardManagerSwift */,
				CE8CEECE2C27A461001BE6BA /* Kingfisher */,
			);
			productName = MeaningOut;
			productReference = CE993C732C1B236E0024DAEE /* MeaningOut.app */;
			productType = "com.apple.product-type.application";
		};
/* End PBXNativeTarget section */

/* Begin PBXProject section */
		CE993C6B2C1B236E0024DAEE /* Project object */ = {
			isa = PBXProject;
			attributes = {
				BuildIndependentTargetsInParallel = 1;
				LastSwiftUpdateCheck = 1540;
				LastUpgradeCheck = 1540;
				TargetAttributes = {
					CE993C722C1B236E0024DAEE = {
						CreatedOnToolsVersion = 15.4;
					};
				};
			};
			buildConfigurationList = CE993C6E2C1B236E0024DAEE /* Build configuration list for PBXProject "MeaningOut" */;
			compatibilityVersion = "Xcode 14.0";
			developmentRegion = en;
			hasScannedForEncodings = 0;
			knownRegions = (
				en,
				Base,
			);
			mainGroup = CE993C6A2C1B236E0024DAEE;
			packageReferences = (
				CE03791C2C1C2CBD00D72498 /* XCRemoteSwiftPackageReference "SnapKit" */,
				CE7F83782C212701000E3C02 /* XCRemoteSwiftPackageReference "Alamofire" */,
				CE7F837B2C21A7F6000E3C02 /* XCRemoteSwiftPackageReference "IQKeyboardManager" */,
				CE8CEECD2C27A461001BE6BA /* XCRemoteSwiftPackageReference "Kingfisher" */,
			);
			productRefGroup = CE993C742C1B236E0024DAEE /* Products */;
			projectDirPath = "";
			projectRoot = "";
			targets = (
				CE993C722C1B236E0024DAEE /* MeaningOut */,
			);
		};
/* End PBXProject section */

/* Begin PBXResourcesBuildPhase section */
		CE993C712C1B236E0024DAEE /* Resources */ = {
			isa = PBXResourcesBuildPhase;
			buildActionMask = 2147483647;
			files = (
				CE993C802C1B23700024DAEE /* Assets.xcassets in Resources */,
				CE993C832C1B23700024DAEE /* Base in Resources */,
			);
			runOnlyForDeploymentPostprocessing = 0;
		};
/* End PBXResourcesBuildPhase section */

/* Begin PBXSourcesBuildPhase section */
		CE993C6F2C1B236E0024DAEE /* Sources */ = {
			isa = PBXSourcesBuildPhase;
			buildActionMask = 2147483647;
			files = (
				CE03796F2C1FF8CE00D72498 /* EditPictureViewController.swift in Sources */,
				CE03791B2C1C247300D72498 /* NextButton.swift in Sources */,
				CE0379252C1C3BDB00D72498 /* ImageView.swift in Sources */,
				CE0379362C1C779100D72498 /* SettingProfileView.swift in Sources */,
				CE0379382C1C7A4600D72498 /* Profile.swift in Sources */,
				CE993C772C1B236E0024DAEE /* AppDelegate.swift in Sources */,
				CE8CEECA2C264FF2001BE6BA /* SearchWordTableViewCell.swift in Sources */,
				CE8CEED52C2863DF001BE6BA /* Method.swift in Sources */,
				CE8CEED12C27C232001BE6BA /* SearchResultView.swift in Sources */,
				CE0379422C1E609E00D72498 /* AvatarCollectionViewCell.swift in Sources */,
				CE03793E2C1E2A2900D72498 /* UIViewController+.swift in Sources */,
				CE03792F2C1C730500D72498 /* SettingProfileViewController.swift in Sources */,
				CE0379222C1C3AA100D72498 /* SearchViewController.swift in Sources */,
				CE03792B2C1C508800D72498 /* OnbordingView.swift in Sources */,
				CE0379742C20116700D72498 /* UIView+.swift in Sources */,
				CE0379402C1E50E500D72498 /* AvatarPickerView.swift in Sources */,
				CE0379162C1C20E400D72498 /* OnbordingViewController.swift in Sources */,
				CE0379272C1C3F4B00D72498 /* SettingViewController.swift in Sources */,
				CE03793A2C1C842600D72498 /* SettingPictureViewController.swift in Sources */,
				CE993C8B2C1B2AB60024DAEE /* APIKey.swift in Sources */,
				CE0379202C1C39E000D72498 /* TabBarController.swift in Sources */,
				CE0379722C20088300D72498 /* EditProfileView.swift in Sources */,
				CE0379182C1C215200D72498 /* Resource.swift in Sources */,
				CE8CEECC2C2793F6001BE6BA /* SearchResultCollectionViewCell.swift in Sources */,
				CE993C792C1B236E0024DAEE /* SceneDelegate.swift in Sources */,
				CE0379442C1E63DA00D72498 /* ldentifierProtocol.swift in Sources */,
				CE8CEEC72C2614C4001BE6BA /* SearchResultViewController.swift in Sources */,
				CE03796D2C1FF83C00D72498 /* EditProfileViewController.swift in Sources */,
				CE8CEED32C27DF1C001BE6BA /* ProductDTO.swift in Sources */,
			);
			runOnlyForDeploymentPostprocessing = 0;
		};
/* End PBXSourcesBuildPhase section */

/* Begin PBXVariantGroup section */
		CE993C812C1B23700024DAEE /* LaunchScreen.storyboard */ = {
			isa = PBXVariantGroup;
			children = (
				CE993C822C1B23700024DAEE /* Base */,
			);
			name = LaunchScreen.storyboard;
			sourceTree = "<group>";
		};
/* End PBXVariantGroup section */

/* Begin XCBuildConfiguration section */
		CE993C852C1B23700024DAEE /* Debug */ = {
			isa = XCBuildConfiguration;
			buildSettings = {
				ALWAYS_SEARCH_USER_PATHS = NO;
				ASSETCATALOG_COMPILER_GENERATE_SWIFT_ASSET_SYMBOL_EXTENSIONS = YES;
				CLANG_ANALYZER_NONNULL = YES;
				CLANG_ANALYZER_NUMBER_OBJECT_CONVERSION = YES_AGGRESSIVE;
				CLANG_CXX_LANGUAGE_STANDARD = "gnu++20";
				CLANG_ENABLE_MODULES = YES;
				CLANG_ENABLE_OBJC_ARC = YES;
				CLANG_ENABLE_OBJC_WEAK = YES;
				CLANG_WARN_BLOCK_CAPTURE_AUTORELEASING = YES;
				CLANG_WARN_BOOL_CONVERSION = YES;
				CLANG_WARN_COMMA = YES;
				CLANG_WARN_CONSTANT_CONVERSION = YES;
				CLANG_WARN_DEPRECATED_OBJC_IMPLEMENTATIONS = YES;
				CLANG_WARN_DIRECT_OBJC_ISA_USAGE = YES_ERROR;
				CLANG_WARN_DOCUMENTATION_COMMENTS = YES;
				CLANG_WARN_EMPTY_BODY = YES;
				CLANG_WARN_ENUM_CONVERSION = YES;
				CLANG_WARN_INFINITE_RECURSION = YES;
				CLANG_WARN_INT_CONVERSION = YES;
				CLANG_WARN_NON_LITERAL_NULL_CONVERSION = YES;
				CLANG_WARN_OBJC_IMPLICIT_RETAIN_SELF = YES;
				CLANG_WARN_OBJC_LITERAL_CONVERSION = YES;
				CLANG_WARN_OBJC_ROOT_CLASS = YES_ERROR;
				CLANG_WARN_QUOTED_INCLUDE_IN_FRAMEWORK_HEADER = YES;
				CLANG_WARN_RANGE_LOOP_ANALYSIS = YES;
				CLANG_WARN_STRICT_PROTOTYPES = YES;
				CLANG_WARN_SUSPICIOUS_MOVE = YES;
				CLANG_WARN_UNGUARDED_AVAILABILITY = YES_AGGRESSIVE;
				CLANG_WARN_UNREACHABLE_CODE = YES;
				CLANG_WARN__DUPLICATE_METHOD_MATCH = YES;
				COPY_PHASE_STRIP = NO;
				DEBUG_INFORMATION_FORMAT = dwarf;
				ENABLE_STRICT_OBJC_MSGSEND = YES;
				ENABLE_TESTABILITY = YES;
				ENABLE_USER_SCRIPT_SANDBOXING = YES;
				GCC_C_LANGUAGE_STANDARD = gnu17;
				GCC_DYNAMIC_NO_PIC = NO;
				GCC_NO_COMMON_BLOCKS = YES;
				GCC_OPTIMIZATION_LEVEL = 0;
				GCC_PREPROCESSOR_DEFINITIONS = (
					"DEBUG=1",
					"$(inherited)",
				);
				GCC_WARN_64_TO_32_BIT_CONVERSION = YES;
				GCC_WARN_ABOUT_RETURN_TYPE = YES_ERROR;
				GCC_WARN_UNDECLARED_SELECTOR = YES;
				GCC_WARN_UNINITIALIZED_AUTOS = YES_AGGRESSIVE;
				GCC_WARN_UNUSED_FUNCTION = YES;
				GCC_WARN_UNUSED_VARIABLE = YES;
				IPHONEOS_DEPLOYMENT_TARGET = 17.5;
				LOCALIZATION_PREFERS_STRING_CATALOGS = YES;
				MTL_ENABLE_DEBUG_INFO = INCLUDE_SOURCE;
				MTL_FAST_MATH = YES;
				ONLY_ACTIVE_ARCH = YES;
				SDKROOT = iphoneos;
				SWIFT_ACTIVE_COMPILATION_CONDITIONS = "DEBUG $(inherited)";
				SWIFT_OPTIMIZATION_LEVEL = "-Onone";
			};
			name = Debug;
		};
		CE993C862C1B23700024DAEE /* Release */ = {
			isa = XCBuildConfiguration;
			buildSettings = {
				ALWAYS_SEARCH_USER_PATHS = NO;
				ASSETCATALOG_COMPILER_GENERATE_SWIFT_ASSET_SYMBOL_EXTENSIONS = YES;
				CLANG_ANALYZER_NONNULL = YES;
				CLANG_ANALYZER_NUMBER_OBJECT_CONVERSION = YES_AGGRESSIVE;
				CLANG_CXX_LANGUAGE_STANDARD = "gnu++20";
				CLANG_ENABLE_MODULES = YES;
				CLANG_ENABLE_OBJC_ARC = YES;
				CLANG_ENABLE_OBJC_WEAK = YES;
				CLANG_WARN_BLOCK_CAPTURE_AUTORELEASING = YES;
				CLANG_WARN_BOOL_CONVERSION = YES;
				CLANG_WARN_COMMA = YES;
				CLANG_WARN_CONSTANT_CONVERSION = YES;
				CLANG_WARN_DEPRECATED_OBJC_IMPLEMENTATIONS = YES;
				CLANG_WARN_DIRECT_OBJC_ISA_USAGE = YES_ERROR;
				CLANG_WARN_DOCUMENTATION_COMMENTS = YES;
				CLANG_WARN_EMPTY_BODY = YES;
				CLANG_WARN_ENUM_CONVERSION = YES;
				CLANG_WARN_INFINITE_RECURSION = YES;
				CLANG_WARN_INT_CONVERSION = YES;
				CLANG_WARN_NON_LITERAL_NULL_CONVERSION = YES;
				CLANG_WARN_OBJC_IMPLICIT_RETAIN_SELF = YES;
				CLANG_WARN_OBJC_LITERAL_CONVERSION = YES;
				CLANG_WARN_OBJC_ROOT_CLASS = YES_ERROR;
				CLANG_WARN_QUOTED_INCLUDE_IN_FRAMEWORK_HEADER = YES;
				CLANG_WARN_RANGE_LOOP_ANALYSIS = YES;
				CLANG_WARN_STRICT_PROTOTYPES = YES;
				CLANG_WARN_SUSPICIOUS_MOVE = YES;
				CLANG_WARN_UNGUARDED_AVAILABILITY = YES_AGGRESSIVE;
				CLANG_WARN_UNREACHABLE_CODE = YES;
				CLANG_WARN__DUPLICATE_METHOD_MATCH = YES;
				COPY_PHASE_STRIP = NO;
				DEBUG_INFORMATION_FORMAT = "dwarf-with-dsym";
				ENABLE_NS_ASSERTIONS = NO;
				ENABLE_STRICT_OBJC_MSGSEND = YES;
				ENABLE_USER_SCRIPT_SANDBOXING = YES;
				GCC_C_LANGUAGE_STANDARD = gnu17;
				GCC_NO_COMMON_BLOCKS = YES;
				GCC_WARN_64_TO_32_BIT_CONVERSION = YES;
				GCC_WARN_ABOUT_RETURN_TYPE = YES_ERROR;
				GCC_WARN_UNDECLARED_SELECTOR = YES;
				GCC_WARN_UNINITIALIZED_AUTOS = YES_AGGRESSIVE;
				GCC_WARN_UNUSED_FUNCTION = YES;
				GCC_WARN_UNUSED_VARIABLE = YES;
				IPHONEOS_DEPLOYMENT_TARGET = 17.5;
				LOCALIZATION_PREFERS_STRING_CATALOGS = YES;
				MTL_ENABLE_DEBUG_INFO = NO;
				MTL_FAST_MATH = YES;
				SDKROOT = iphoneos;
				SWIFT_COMPILATION_MODE = wholemodule;
				VALIDATE_PRODUCT = YES;
			};
			name = Release;
		};
		CE993C882C1B23700024DAEE /* Debug */ = {
			isa = XCBuildConfiguration;
			buildSettings = {
				ASSETCATALOG_COMPILER_APPICON_NAME = AppIcon;
				ASSETCATALOG_COMPILER_GLOBAL_ACCENT_COLOR_NAME = AccentColor;
				CODE_SIGN_STYLE = Automatic;
				CURRENT_PROJECT_VERSION = 1;
				DEVELOPMENT_TEAM = 3CHY8M792C;
				GENERATE_INFOPLIST_FILE = YES;
				INFOPLIST_FILE = MeaningOut/Info.plist;
				INFOPLIST_KEY_CFBundleDisplayName = "김나영";
				INFOPLIST_KEY_UIApplicationSupportsIndirectInputEvents = YES;
				INFOPLIST_KEY_UILaunchStoryboardName = LaunchScreen;
				INFOPLIST_KEY_UISupportedInterfaceOrientations = UIInterfaceOrientationPortrait;
				INFOPLIST_KEY_UISupportedInterfaceOrientations_iPad = UIInterfaceOrientationPortrait;
				IPHONEOS_DEPLOYMENT_TARGET = 15.0;
				LD_RUNPATH_SEARCH_PATHS = (
					"$(inherited)",
					"@executable_path/Frameworks",
				);
				MARKETING_VERSION = 1.0;
				PRODUCT_BUNDLE_IDENTIFIER = com.nero.MeaningOut;
				PRODUCT_NAME = "$(TARGET_NAME)";
				SUPPORTED_PLATFORMS = "iphoneos iphonesimulator";
				SUPPORTS_MACCATALYST = NO;
				SUPPORTS_MAC_DESIGNED_FOR_IPHONE_IPAD = NO;
				SUPPORTS_XR_DESIGNED_FOR_IPHONE_IPAD = NO;
				SWIFT_EMIT_LOC_STRINGS = YES;
				SWIFT_VERSION = 5.0;
				TARGETED_DEVICE_FAMILY = 1;
			};
			name = Debug;
		};
		CE993C892C1B23700024DAEE /* Release */ = {
			isa = XCBuildConfiguration;
			buildSettings = {
				ASSETCATALOG_COMPILER_APPICON_NAME = AppIcon;
				ASSETCATALOG_COMPILER_GLOBAL_ACCENT_COLOR_NAME = AccentColor;
				CODE_SIGN_STYLE = Automatic;
				CURRENT_PROJECT_VERSION = 1;
				DEVELOPMENT_TEAM = 3CHY8M792C;
				GENERATE_INFOPLIST_FILE = YES;
				INFOPLIST_FILE = MeaningOut/Info.plist;
				INFOPLIST_KEY_CFBundleDisplayName = "김나영";
				INFOPLIST_KEY_UIApplicationSupportsIndirectInputEvents = YES;
				INFOPLIST_KEY_UILaunchStoryboardName = LaunchScreen;
				INFOPLIST_KEY_UISupportedInterfaceOrientations = UIInterfaceOrientationPortrait;
				INFOPLIST_KEY_UISupportedInterfaceOrientations_iPad = UIInterfaceOrientationPortrait;
				IPHONEOS_DEPLOYMENT_TARGET = 15.0;
				LD_RUNPATH_SEARCH_PATHS = (
					"$(inherited)",
					"@executable_path/Frameworks",
				);
				MARKETING_VERSION = 1.0;
				PRODUCT_BUNDLE_IDENTIFIER = com.nero.MeaningOut;
				PRODUCT_NAME = "$(TARGET_NAME)";
				SUPPORTED_PLATFORMS = "iphoneos iphonesimulator";
				SUPPORTS_MACCATALYST = NO;
				SUPPORTS_MAC_DESIGNED_FOR_IPHONE_IPAD = NO;
				SUPPORTS_XR_DESIGNED_FOR_IPHONE_IPAD = NO;
				SWIFT_EMIT_LOC_STRINGS = YES;
				SWIFT_VERSION = 5.0;
				TARGETED_DEVICE_FAMILY = 1;
			};
			name = Release;
		};
/* End XCBuildConfiguration section */

/* Begin XCConfigurationList section */
		CE993C6E2C1B236E0024DAEE /* Build configuration list for PBXProject "MeaningOut" */ = {
			isa = XCConfigurationList;
			buildConfigurations = (
				CE993C852C1B23700024DAEE /* Debug */,
				CE993C862C1B23700024DAEE /* Release */,
			);
			defaultConfigurationIsVisible = 0;
			defaultConfigurationName = Release;
		};
		CE993C872C1B23700024DAEE /* Build configuration list for PBXNativeTarget "MeaningOut" */ = {
			isa = XCConfigurationList;
			buildConfigurations = (
				CE993C882C1B23700024DAEE /* Debug */,
				CE993C892C1B23700024DAEE /* Release */,
			);
			defaultConfigurationIsVisible = 0;
			defaultConfigurationName = Release;
		};
/* End XCConfigurationList section */

/* Begin XCRemoteSwiftPackageReference section */
		CE03791C2C1C2CBD00D72498 /* XCRemoteSwiftPackageReference "SnapKit" */ = {
			isa = XCRemoteSwiftPackageReference;
			repositoryURL = "https://github.com/SnapKit/SnapKit";
			requirement = {
				kind = upToNextMajorVersion;
				minimumVersion = 5.7.1;
			};
		};
		CE7F83782C212701000E3C02 /* XCRemoteSwiftPackageReference "Alamofire" */ = {
			isa = XCRemoteSwiftPackageReference;
			repositoryURL = "https://github.com/Alamofire/Alamofire.git";
			requirement = {
				kind = upToNextMajorVersion;
				minimumVersion = 5.9.1;
			};
		};
		CE7F837B2C21A7F6000E3C02 /* XCRemoteSwiftPackageReference "IQKeyboardManager" */ = {
			isa = XCRemoteSwiftPackageReference;
			repositoryURL = "https://github.com/hackiftekhar/IQKeyboardManager.git";
			requirement = {
				kind = upToNextMajorVersion;
				minimumVersion = 7.0.3;
			};
		};
		CE8CEECD2C27A461001BE6BA /* XCRemoteSwiftPackageReference "Kingfisher" */ = {
			isa = XCRemoteSwiftPackageReference;
			repositoryURL = "https://github.com/onevcat/Kingfisher.git";
			requirement = {
				kind = upToNextMajorVersion;
				minimumVersion = 7.12.0;
			};
		};
/* End XCRemoteSwiftPackageReference section */

/* Begin XCSwiftPackageProductDependency section */
		CE03791D2C1C2CBD00D72498 /* SnapKit */ = {
			isa = XCSwiftPackageProductDependency;
			package = CE03791C2C1C2CBD00D72498 /* XCRemoteSwiftPackageReference "SnapKit" */;
			productName = SnapKit;
		};
		CE7F83792C212702000E3C02 /* Alamofire */ = {
			isa = XCSwiftPackageProductDependency;
			package = CE7F83782C212701000E3C02 /* XCRemoteSwiftPackageReference "Alamofire" */;
			productName = Alamofire;
		};
		CE7F837C2C21A7F6000E3C02 /* IQKeyboardManagerSwift */ = {
			isa = XCSwiftPackageProductDependency;
			package = CE7F837B2C21A7F6000E3C02 /* XCRemoteSwiftPackageReference "IQKeyboardManager" */;
			productName = IQKeyboardManagerSwift;
		};
		CE8CEECE2C27A461001BE6BA /* Kingfisher */ = {
			isa = XCSwiftPackageProductDependency;
			package = CE8CEECD2C27A461001BE6BA /* XCRemoteSwiftPackageReference "Kingfisher" */;
			productName = Kingfisher;
		};
/* End XCSwiftPackageProductDependency section */
	};
	rootObject = CE993C6B2C1B236E0024DAEE /* Project object */;
}
